// !$*UTF8*$!
{
	archiveVersion = 1;
	classes = {
	};
	objectVersion = 77;
	objects = {

/* Begin PBXBuildFile section */
		726E356A2FCDCD7500CBF31B /* VocabKit in Frameworks */ = {isa = PBXBuildFile; productRef = 726E35692FCDCD7500CBF31B /* VocabKit */; };
		72E1DAEC2FC8AA1400747F0F /* Alignment in Frameworks */ = {isa = PBXBuildFile; productRef = 72E1DAEB2FC8AA1400747F0F /* Alignment */; };
		72E1DAEE2FC8AA1400747F0F /* EPUBKit in Frameworks */ = {isa = PBXBuildFile; productRef = 72E1DAED2FC8AA1400747F0F /* EPUBKit */; };
		72E1DAF02FC8AA1400747F0F /* ImportUI in Frameworks */ = {isa = PBXBuildFile; productRef = 72E1DAEF2FC8AA1400747F0F /* ImportUI */; };
		72E1DAF22FC8AA1400747F0F /* LibraryStore in Frameworks */ = {isa = PBXBuildFile; productRef = 72E1DAF12FC8AA1400747F0F /* LibraryStore */; };
		72E1DAF42FC8AA1400747F0F /* ReaderUI in Frameworks */ = {isa = PBXBuildFile; productRef = 72E1DAF32FC8AA1400747F0F /* ReaderUI */; };
		72E1DAF62FC8AA1400747F0F /* TTSService in Frameworks */ = {isa = PBXBuildFile; productRef = 72E1DAF52FC8AA1400747F0F /* TTSService */; };
/* End PBXBuildFile section */

/* Begin PBXContainerItemProxy section */
		72E1DAC82FC8936F00747F0F /* PBXContainerItemProxy */ = {
			isa = PBXContainerItemProxy;
			containerPortal = 72E1DAB02FC8936D00747F0F /* Project object */;
			proxyType = 1;
			remoteGlobalIDString = 72E1DAB72FC8936D00747F0F;
			remoteInfo = LanguageLearner;
		};
		72E1DAD22FC8936F00747F0F /* PBXContainerItemProxy */ = {
			isa = PBXContainerItemProxy;
			containerPortal = 72E1DAB02FC8936D00747F0F /* Project object */;
			proxyType = 1;
			remoteGlobalIDString = 72E1DAB72FC8936D00747F0F;
			remoteInfo = LanguageLearner;
		};
/* End PBXContainerItemProxy section */

/* Begin PBXFileReference section */
		72E1DAB82FC8936D00747F0F /* LanguageLearner.app */ = {isa = PBXFileReference; explicitFileType = wrapper.application; includeInIndex = 0; path = LanguageLearner.app; sourceTree = BUILT_PRODUCTS_DIR; };
		72E1DAC72FC8936F00747F0F /* LanguageLearnerTests.xctest */ = {isa = PBXFileReference; explicitFileType = wrapper.cfbundle; includeInIndex = 0; path = LanguageLearnerTests.xctest; sourceTree = BUILT_PRODUCTS_DIR; };
		72E1DAD12FC8936F00747F0F /* LanguageLearnerUITests.xctest */ = {isa = PBXFileReference; explicitFileType = wrapper.cfbundle; includeInIndex = 0; path = LanguageLearnerUITests.xctest; sourceTree = BUILT_PRODUCTS_DIR; };
/* End PBXFileReference section */

/* Begin PBXFileSystemSynchronizedRootGroup section */
		72E1DABA2FC8936D00747F0F /* LanguageLearner */ = {
			isa = PBXFileSystemSynchronizedRootGroup;
			path = LanguageLearner;
			sourceTree = "<group>";
		};
		72E1DACA2FC8936F00747F0F /* LanguageLearnerTests */ = {
			isa = PBXFileSystemSynchronizedRootGroup;
			path = LanguageLearnerTests;
			sourceTree = "<group>";
		};
		72E1DAD42FC8936F00747F0F /* LanguageLearnerUITests */ = {
			isa = PBXFileSystemSynchronizedRootGroup;
			path = LanguageLearnerUITests;
			sourceTree = "<group>";
		};
/* End PBXFileSystemSynchronizedRootGroup section */

/* Begin PBXFrameworksBuildPhase section */
		72E1DAB52FC8936D00747F0F /* Frameworks */ = {
			isa = PBXFrameworksBuildPhase;
			buildActionMask = 2147483647;
			files = (
				72E1DAF02FC8AA1400747F0F /* ImportUI in Frameworks */,
				72E1DAEC2FC8AA1400747F0F /* Alignment in Frameworks */,
				72E1DAF22FC8AA1400747F0F /* LibraryStore in Frameworks */,
				72E1DAF42FC8AA1400747F0F /* ReaderUI in Frameworks */,
				726E356A2FCDCD7500CBF31B /* VocabKit in Frameworks */,
				72E1DAF62FC8AA1400747F0F /* TTSService in Frameworks */,
				72E1DAEE2FC8AA1400747F0F /* EPUBKit in Frameworks */,
			);
			runOnlyForDeploymentPostprocessing = 0;
		};
		72E1DAC42FC8936F00747F0F /* Frameworks */ = {
			isa = PBXFrameworksBuildPhase;
			buildActionMask = 2147483647;
			files = (
			);
			runOnlyForDeploymentPostprocessing = 0;
		};
		72E1DACE2FC8936F00747F0F /* Frameworks */ = {
			isa = PBXFrameworksBuildPhase;
			buildActionMask = 2147483647;
			files = (
			);
			runOnlyForDeploymentPostprocessing = 0;
		};
/* End PBXFrameworksBuildPhase section */

/* Begin PBXGroup section */
		72E1DAAF2FC8936D00747F0F = {
			isa = PBXGroup;
			children = (
				72E1DABA2FC8936D00747F0F /* LanguageLearner */,
				72E1DACA2FC8936F00747F0F /* LanguageLearnerTests */,
				72E1DAD42FC8936F00747F0F /* LanguageLearnerUITests */,
				72E1DAEA2FC8AA1400747F0F /* Frameworks */,
				72E1DAB92FC8936D00747F0F /* Products */,
			);
			sourceTree = "<group>";
		};
		72E1DAB92FC8936D00747F0F /* Products */ = {
			isa = PBXGroup;
			children = (
				72E1DAB82FC8936D00747F0F /* LanguageLearner.app */,
				72E1DAC72FC8936F00747F0F /* LanguageLearnerTests.xctest */,
				72E1DAD12FC8936F00747F0F /* LanguageLearnerUITests.xctest */,
			);
			name = Products;
			sourceTree = "<group>";
		};
		72E1DAEA2FC8AA1400747F0F /* Frameworks */ = {
			isa = PBXGroup;
			children = (
			);
			name = Frameworks;
			sourceTree = "<group>";
		};
/* End PBXGroup section */

/* Begin PBXNativeTarget section */
		72E1DAB72FC8936D00747F0F /* LanguageLearner */ = {
			isa = PBXNativeTarget;
			buildConfigurationList = 72E1DADB2FC8936F00747F0F /* Build configuration list for PBXNativeTarget "LanguageLearner" */;
			buildPhases = (
				72E1DAB42FC8936D00747F0F /* Sources */,
				72E1DAB52FC8936D00747F0F /* Frameworks */,
				72E1DAB62FC8936D00747F0F /* Resources */,
			);
			buildRules = (
			);
			dependencies = (
			);
			fileSystemSynchronizedGroups = (
				72E1DABA2FC8936D00747F0F /* LanguageLearner */,
			);
			name = LanguageLearner;
			packageProductDependencies = (
				72E1DAEB2FC8AA1400747F0F /* Alignment */,
				72E1DAED2FC8AA1400747F0F /* EPUBKit */,
				72E1DAEF2FC8AA1400747F0F /* ImportUI */,
				72E1DAF12FC8AA1400747F0F /* LibraryStore */,
				72E1DAF32FC8AA1400747F0F /* ReaderUI */,
				72E1DAF52FC8AA1400747F0F /* TTSService */,
				726E35692FCDCD7500CBF31B /* VocabKit */,
			);
			productName = LanguageLearner;
			productReference = 72E1DAB82FC8936D00747F0F /* LanguageLearner.app */;
			productType = "com.apple.product-type.application";
		};
		72E1DAC62FC8936F00747F0F /* LanguageLearnerTests */ = {
			isa = PBXNativeTarget;
			buildConfigurationList = 72E1DADE2FC8936F00747F0F /* Build configuration list for PBXNativeTarget "LanguageLearnerTests" */;
			buildPhases = (
				72E1DAC32FC8936F00747F0F /* Sources */,
				72E1DAC42FC8936F00747F0F /* Frameworks */,
				72E1DAC52FC8936F00747F0F /* Resources */,
			);
			buildRules = (
			);
			dependencies = (
				72E1DAC92FC8936F00747F0F /* PBXTargetDependency */,
			);
			fileSystemSynchronizedGroups = (
				72E1DACA2FC8936F00747F0F /* LanguageLearnerTests */,
			);
			name = LanguageLearnerTests;
			packageProductDependencies = (
			);
			productName = LanguageLearnerTests;
			productReference = 72E1DAC72FC8936F00747F0F /* LanguageLearnerTests.xctest */;
			productType = "com.apple.product-type.bundle.unit-test";
		};
		72E1DAD02FC8936F00747F0F /* LanguageLearnerUITests */ = {
			isa = PBXNativeTarget;
			buildConfigurationList = 72E1DAE12FC8936F00747F0F /* Build configuration list for PBXNativeTarget "LanguageLearnerUITests" */;
			buildPhases = (
				72E1DACD2FC8936F00747F0F /* Sources */,
				72E1DACE2FC8936F00747F0F /* Frameworks */,
				72E1DACF2FC8936F00747F0F /* Resources */,
			);
			buildRules = (
			);
			dependencies = (
				72E1DAD32FC8936F00747F0F /* PBXTargetDependency */,
			);
			fileSystemSynchronizedGroups = (
				72E1DAD42FC8936F00747F0F /* LanguageLearnerUITests */,
			);
			name = LanguageLearnerUITests;
			packageProductDependencies = (
			);
			productName = LanguageLearnerUITests;
			productReference = 72E1DAD12FC8936F00747F0F /* LanguageLearnerUITests.xctest */;
			productType = "com.apple.product-type.bundle.ui-testing";
		};
/* End PBXNativeTarget section */

/* Begin PBXProject section */
		72E1DAB02FC8936D00747F0F /* Project object */ = {
			isa = PBXProject;
			attributes = {
				BuildIndependentTargetsInParallel = 1;
				LastSwiftUpdateCheck = 2650;
				LastUpgradeCheck = 2650;
				TargetAttributes = {
					72E1DAB72FC8936D00747F0F = {
						CreatedOnToolsVersion = 26.5;
					};
					72E1DAC62FC8936F00747F0F = {
						CreatedOnToolsVersion = 26.5;
						TestTargetID = 72E1DAB72FC8936D00747F0F;
					};
					72E1DAD02FC8936F00747F0F = {
						CreatedOnToolsVersion = 26.5;
						TestTargetID = 72E1DAB72FC8936D00747F0F;
					};
				};
			};
			buildConfigurationList = 72E1DAB32FC8936D00747F0F /* Build configuration list for PBXProject "LanguageLearner" */;
			developmentRegion = en;
			hasScannedForEncodings = 0;
			knownRegions = (
				en,
				Base,
			);
			mainGroup = 72E1DAAF2FC8936D00747F0F;
			minimizedProjectReferenceProxies = 1;
			packageReferences = (
				72E1DAE42FC8A9A900747F0F /* XCLocalSwiftPackageReference "Packages/Alignment" */,
				72E1DAE52FC8A9B400747F0F /* XCLocalSwiftPackageReference "Packages/EPUBKit" */,
				72E1DAE62FC8A9C200747F0F /* XCLocalSwiftPackageReference "Packages/ImportUI" */,
				72E1DAE72FC8A9CF00747F0F /* XCLocalSwiftPackageReference "Packages/LibraryStore" */,
				72E1DAE82FC8A9D900747F0F /* XCLocalSwiftPackageReference "Packages/ReaderUI" */,
				72E1DAE92FC8A9E100747F0F /* XCLocalSwiftPackageReference "Packages/TTSService" */,
				726E35682FCDCD5D00CBF31B /* XCLocalSwiftPackageReference "Packages/VocabKit" */,
			);
			preferredProjectObjectVersion = 77;
			productRefGroup = 72E1DAB92FC8936D00747F0F /* Products */;
			projectDirPath = "";
			projectRoot = "";
			targets = (
				72E1DAB72FC8936D00747F0F /* LanguageLearner */,
				72E1DAC62FC8936F00747F0F /* LanguageLearnerTests */,
				72E1DAD02FC8936F00747F0F /* LanguageLearnerUITests */,
			);
		};
/* End PBXProject section */

/* Begin PBXResourcesBuildPhase section */
		72E1DAB62FC8936D00747F0F /* Resources */ = {
			isa = PBXResourcesBuildPhase;
			buildActionMask = 2147483647;
			files = (
			);
			runOnlyForDeploymentPostprocessing = 0;
		};
		72E1DAC52FC8936F00747F0F /* Resources */ = {
			isa = PBXResourcesBuildPhase;
			buildActionMask = 2147483647;
			files = (
			);
			runOnlyForDeploymentPostprocessing = 0;
		};
		72E1DACF2FC8936F00747F0F /* Resources */ = {
			isa = PBXResourcesBuildPhase;
			buildActionMask = 2147483647;
			files = (
			);
			runOnlyForDeploymentPostprocessing = 0;
		};
/* End PBXResourcesBuildPhase section */

/* Begin PBXSourcesBuildPhase section */
		72E1DAB42FC8936D00747F0F /* Sources */ = {
			isa = PBXSourcesBuildPhase;
			buildActionMask = 2147483647;
			files = (
			);
			runOnlyForDeploymentPostprocessing = 0;
		};
		72E1DAC32FC8936F00747F0F /* Sources */ = {
			isa = PBXSourcesBuildPhase;
			buildActionMask = 2147483647;
			files = (
			);
			runOnlyForDeploymentPostprocessing = 0;
		};
		72E1DACD2FC8936F00747F0F /* Sources */ = {
			isa = PBXSourcesBuildPhase;
			buildActionMask = 2147483647;
			files = (
			);
			runOnlyForDeploymentPostprocessing = 0;
		};
/* End PBXSourcesBuildPhase section */

/* Begin PBXTargetDependency section */
		72E1DAC92FC8936F00747F0F /* PBXTargetDependency */ = {
			isa = PBXTargetDependency;
			target = 72E1DAB72FC8936D00747F0F /* LanguageLearner */;
			targetProxy = 72E1DAC82FC8936F00747F0F /* PBXContainerItemProxy */;
		};
		72E1DAD32FC8936F00747F0F /* PBXTargetDependency */ = {
			isa = PBXTargetDependency;
			target = 72E1DAB72FC8936D00747F0F /* LanguageLearner */;
			targetProxy = 72E1DAD22FC8936F00747F0F /* PBXContainerItemProxy */;
		};
/* End PBXTargetDependency section */

/* Begin XCBuildConfiguration section */
		72E1DAD92FC8936F00747F0F /* Debug */ = {
			isa = XCBuildConfiguration;
			buildSettings = {
				ALWAYS_SEARCH_USER_PATHS = NO;
				ASSETCATALOG_COMPILER_GENERATE_SWIFT_ASSET_SYMBOL_EXTENSIONS = YES;
				CLANG_ANALYZER_NONNULL = YES;
				CLANG_ANALYZER_NUMBER_OBJECT_CONVERSION = YES_AGGRESSIVE;
				CLANG_CXX_LANGUAGE_STANDARD = "gnu++20";
				CLANG_ENABLE_MODULES = YES;
				CLANG_ENABLE_OBJC_ARC = YES;
				CLANG_ENABLE_OBJC_WEAK = YES;
				CLANG_WARN_BLOCK_CAPTURE_AUTORELEASING = YES;
				CLANG_WARN_BOOL_CONVERSION = YES;
				CLANG_WARN_COMMA = YES;
				CLANG_WARN_CONSTANT_CONVERSION = YES;
				CLANG_WARN_DEPRECATED_OBJC_IMPLEMENTATIONS = YES;
				CLANG_WARN_DIRECT_OBJC_ISA_USAGE = YES_ERROR;
				CLANG_WARN_DOCUMENTATION_COMMENTS = YES;
				CLANG_WARN_EMPTY_BODY = YES;
				CLANG_WARN_ENUM_CONVERSION = YES;
				CLANG_WARN_INFINITE_RECURSION = YES;
				CLANG_WARN_INT_CONVERSION = YES;
				CLANG_WARN_NON_LITERAL_NULL_CONVERSION = YES;
				CLANG_WARN_OBJC_IMPLICIT_RETAIN_SELF = YES;
				CLANG_WARN_OBJC_LITERAL_CONVERSION = YES;
				CLANG_WARN_OBJC_ROOT_CLASS = YES_ERROR;
				CLANG_WARN_QUOTED_INCLUDE_IN_FRAMEWORK_HEADER = YES;
				CLANG_WARN_RANGE_LOOP_ANALYSIS = YES;
				CLANG_WARN_STRICT_PROTOTYPES = YES;
				CLANG_WARN_SUSPICIOUS_MOVE = YES;
				CLANG_WARN_UNGUARDED_AVAILABILITY = YES_AGGRESSIVE;
				CLANG_WARN_UNREACHABLE_CODE = YES;
				CLANG_WARN__DUPLICATE_METHOD_MATCH = YES;
				COPY_PHASE_STRIP = NO;
				DEBUG_INFORMATION_FORMAT = dwarf;
				ENABLE_STRICT_OBJC_MSGSEND = YES;
				ENABLE_TESTABILITY = YES;
				ENABLE_USER_SCRIPT_SANDBOXING = YES;
				GCC_C_LANGUAGE_STANDARD = gnu17;
				GCC_DYNAMIC_NO_PIC = NO;
				GCC_NO_COMMON_BLOCKS = YES;
				GCC_OPTIMIZATION_LEVEL = 0;
				GCC_PREPROCESSOR_DEFINITIONS = (
					"DEBUG=1",
					"$(inherited)",
				);
				GCC_WARN_64_TO_32_BIT_CONVERSION = YES;
				GCC_WARN_ABOUT_RETURN_TYPE = YES_ERROR;
				GCC_WARN_UNDECLARED_SELECTOR = YES;
				GCC_WARN_UNINITIALIZED_AUTOS = YES_AGGRESSIVE;
				GCC_WARN_UNUSED_FUNCTION = YES;
				GCC_WARN_UNUSED_VARIABLE = YES;
				IPHONEOS_DEPLOYMENT_TARGET = 26.5;
				LOCALIZATION_PREFERS_STRING_CATALOGS = YES;
				MTL_ENABLE_DEBUG_INFO = INCLUDE_SOURCE;
				MTL_FAST_MATH = YES;
				ONLY_ACTIVE_ARCH = YES;
				SDKROOT = iphoneos;
				SWIFT_ACTIVE_COMPILATION_CONDITIONS = "DEBUG $(inherited)";
				SWIFT_OPTIMIZATION_LEVEL = "-Onone";
			};
			name = Debug;
		};
		72E1DADA2FC8936F00747F0F /* Release */ = {
			isa = XCBuildConfiguration;
			buildSettings = {
				ALWAYS_SEARCH_USER_PATHS = NO;
				ASSETCATALOG_COMPILER_GENERATE_SWIFT_ASSET_SYMBOL_EXTENSIONS = YES;
				CLANG_ANALYZER_NONNULL = YES;
				CLANG_ANALYZER_NUMBER_OBJECT_CONVERSION = YES_AGGRESSIVE;
				CLANG_CXX_LANGUAGE_STANDARD = "gnu++20";
				CLANG_ENABLE_MODULES = YES;
				CLANG_ENABLE_OBJC_ARC = YES;
				CLANG_ENABLE_OBJC_WEAK = YES;
				CLANG_WARN_BLOCK_CAPTURE_AUTORELEASING = YES;
				CLANG_WARN_BOOL_CONVERSION = YES;
				CLANG_WARN_COMMA = YES;
				CLANG_WARN_CONSTANT_CONVERSION = YES;
				CLANG_WARN_DEPRECATED_OBJC_IMPLEMENTATIONS = YES;
				CLANG_WARN_DIRECT_OBJC_ISA_USAGE = YES_ERROR;
				CLANG_WARN_DOCUMENTATION_COMMENTS = YES;
				CLANG_WARN_EMPTY_BODY = YES;
				CLANG_WARN_ENUM_CONVERSION = YES;
				CLANG_WARN_INFINITE_RECURSION = YES;
				CLANG_WARN_INT_CONVERSION = YES;
				CLANG_WARN_NON_LITERAL_NULL_CONVERSION = YES;
				CLANG_WARN_OBJC_IMPLICIT_RETAIN_SELF = YES;
				CLANG_WARN_OBJC_LITERAL_CONVERSION = YES;
				CLANG_WARN_OBJC_ROOT_CLASS = YES_ERROR;
				CLANG_WARN_QUOTED_INCLUDE_IN_FRAMEWORK_HEADER = YES;
				CLANG_WARN_RANGE_LOOP_ANALYSIS = YES;
				CLANG_WARN_STRICT_PROTOTYPES = YES;
				CLANG_WARN_SUSPICIOUS_MOVE = YES;
				CLANG_WARN_UNGUARDED_AVAILABILITY = YES_AGGRESSIVE;
				CLANG_WARN_UNREACHABLE_CODE = YES;
				CLANG_WARN__DUPLICATE_METHOD_MATCH = YES;
				COPY_PHASE_STRIP = NO;
				DEBUG_INFORMATION_FORMAT = "dwarf-with-dsym";
				ENABLE_NS_ASSERTIONS = NO;
				ENABLE_STRICT_OBJC_MSGSEND = YES;
				ENABLE_USER_SCRIPT_SANDBOXING = YES;
				GCC_C_LANGUAGE_STANDARD = gnu17;
				GCC_NO_COMMON_BLOCKS = YES;
				GCC_WARN_64_TO_32_BIT_CONVERSION = YES;
				GCC_WARN_ABOUT_RETURN_TYPE = YES_ERROR;
				GCC_WARN_UNDECLARED_SELECTOR = YES;
				GCC_WARN_UNINITIALIZED_AUTOS = YES_AGGRESSIVE;
				GCC_WARN_UNUSED_FUNCTION = YES;
				GCC_WARN_UNUSED_VARIABLE = YES;
				IPHONEOS_DEPLOYMENT_TARGET = 26.5;
				LOCALIZATION_PREFERS_STRING_CATALOGS = YES;
				MTL_ENABLE_DEBUG_INFO = NO;
				MTL_FAST_MATH = YES;
				SDKROOT = iphoneos;
				SWIFT_COMPILATION_MODE = wholemodule;
				VALIDATE_PRODUCT = YES;
			};
			name = Release;
		};
		72E1DADC2FC8936F00747F0F /* Debug */ = {
			isa = XCBuildConfiguration;
			buildSettings = {
				ASSETCATALOG_COMPILER_APPICON_NAME = AppIcon;
				ASSETCATALOG_COMPILER_GLOBAL_ACCENT_COLOR_NAME = AccentColor;
				CODE_SIGN_IDENTITY = "Apple Development";
				CODE_SIGN_STYLE = Automatic;
				CURRENT_PROJECT_VERSION = 1;
				DEVELOPMENT_TEAM = 2NFGS3T7B4;
				ENABLE_PREVIEWS = YES;
				GENERATE_INFOPLIST_FILE = YES;
				INFOPLIST_KEY_UIApplicationSceneManifest_Generation = YES;
				INFOPLIST_KEY_UIApplicationSupportsIndirectInputEvents = YES;
				INFOPLIST_KEY_UILaunchScreen_Generation = YES;
				INFOPLIST_KEY_UISupportedInterfaceOrientations_iPad = "UIInterfaceOrientationPortrait UIInterfaceOrientationPortraitUpsideDown UIInterfaceOrientationLandscapeLeft UIInterfaceOrientationLandscapeRight";
				INFOPLIST_KEY_UISupportedInterfaceOrientations_iPhone = "UIInterfaceOrientationPortrait UIInterfaceOrientationLandscapeLeft UIInterfaceOrientationLandscapeRight";
				IPHONEOS_DEPLOYMENT_TARGET = 17.6;
				LD_RUNPATH_SEARCH_PATHS = (
					"$(inherited)",
					"@executable_path/Frameworks",
				);
				MARKETING_VERSION = 1.0;
				PRODUCT_BUNDLE_IDENTIFIER = Blabla.LanguageLearner;
				PRODUCT_NAME = "$(TARGET_NAME)";
				PROVISIONING_PROFILE_SPECIFIER = "";
				STRING_CATALOG_GENERATE_SYMBOLS = YES;
				SWIFT_APPROACHABLE_CONCURRENCY = YES;
				SWIFT_DEFAULT_ACTOR_ISOLATION = MainActor;
				SWIFT_EMIT_LOC_STRINGS = YES;
				SWIFT_UPCOMING_FEATURE_MEMBER_IMPORT_VISIBILITY = YES;
				SWIFT_VERSION = 5.0;
				TARGETED_DEVICE_FAMILY = "1,2";
			};
			name = Debug;
		};
		72E1DADD2FC8936F00747F0F /* Release */ = {
			isa = XCBuildConfiguration;
			buildSettings = {
				ASSETCATALOG_COMPILER_APPICON_NAME = AppIcon;
				ASSETCATALOG_COMPILER_GLOBAL_ACCENT_COLOR_NAME = AccentColor;
				CODE_SIGN_IDENTITY = "Apple Development";
				CODE_SIGN_STYLE = Automatic;
				CURRENT_PROJECT_VERSION = 1;
				DEVELOPMENT_TEAM = 2NFGS3T7B4;
				ENABLE_PREVIEWS = YES;
				GENERATE_INFOPLIST_FILE = YES;
				INFOPLIST_KEY_UIApplicationSceneManifest_Generation = YES;
				INFOPLIST_KEY_UIApplicationSupportsIndirectInputEvents = YES;
				INFOPLIST_KEY_UILaunchScreen_Generation = YES;
				INFOPLIST_KEY_UISupportedInterfaceOrientations_iPad = "UIInterfaceOrientationPortrait UIInterfaceOrientationPortraitUpsideDown UIInterfaceOrientationLandscapeLeft UIInterfaceOrientationLandscapeRight";
				INFOPLIST_KEY_UISupportedInterfaceOrientations_iPhone = "UIInterfaceOrientationPortrait UIInterfaceOrientationLandscapeLeft UIInterfaceOrientationLandscapeRight";
				IPHONEOS_DEPLOYMENT_TARGET = 17.6;
				LD_RUNPATH_SEARCH_PATHS = (
					"$(inherited)",
					"@executable_path/Frameworks",
				);
				MARKETING_VERSION = 1.0;
				PRODUCT_BUNDLE_IDENTIFIER = Blabla.LanguageLearner;
				PRODUCT_NAME = "$(TARGET_NAME)";
				PROVISIONING_PROFILE_SPECIFIER = "";
				STRING_CATALOG_GENERATE_SYMBOLS = YES;
				SWIFT_APPROACHABLE_CONCURRENCY = YES;
				SWIFT_DEFAULT_ACTOR_ISOLATION = MainActor;
				SWIFT_EMIT_LOC_STRINGS = YES;
				SWIFT_UPCOMING_FEATURE_MEMBER_IMPORT_VISIBILITY = YES;
				SWIFT_VERSION = 5.0;
				TARGETED_DEVICE_FAMILY = "1,2";
			};
			name = Release;
		};
		72E1DADF2FC8936F00747F0F /* Debug */ = {
			isa = XCBuildConfiguration;
			buildSettings = {
				BUNDLE_LOADER = "$(TEST_HOST)";
				CODE_SIGN_STYLE = Automatic;
				CURRENT_PROJECT_VERSION = 1;
				GENERATE_INFOPLIST_FILE = YES;
				IPHONEOS_DEPLOYMENT_TARGET = 26.5;
				MARKETING_VERSION = 1.0;
				PRODUCT_BUNDLE_IDENTIFIER = Blabla.LanguageLearnerTests;
				PRODUCT_NAME = "$(TARGET_NAME)";
				STRING_CATALOG_GENERATE_SYMBOLS = NO;
				SWIFT_APPROACHABLE_CONCURRENCY = YES;
				SWIFT_EMIT_LOC_STRINGS = NO;
				SWIFT_UPCOMING_FEATURE_MEMBER_IMPORT_VISIBILITY = YES;
				SWIFT_VERSION = 5.0;
				TARGETED_DEVICE_FAMILY = "1,2";
				TEST_HOST = "$(BUILT_PRODUCTS_DIR)/LanguageLearner.app/$(BUNDLE_EXECUTABLE_FOLDER_PATH)/LanguageLearner";
			};
			name = Debug;
		};
		72E1DAE02FC8936F00747F0F /* Release */ = {
			isa = XCBuildConfiguration;
			buildSettings = {
				BUNDLE_LOADER = "$(TEST_HOST)";
				CODE_SIGN_STYLE = Automatic;
				CURRENT_PROJECT_VERSION = 1;
				GENERATE_INFOPLIST_FILE = YES;
				IPHONEOS_DEPLOYMENT_TARGET = 26.5;
				MARKETING_VERSION = 1.0;
				PRODUCT_BUNDLE_IDENTIFIER = Blabla.LanguageLearnerTests;
				PRODUCT_NAME = "$(TARGET_NAME)";
				STRING_CATALOG_GENERATE_SYMBOLS = NO;
				SWIFT_APPROACHABLE_CONCURRENCY = YES;
				SWIFT_EMIT_LOC_STRINGS = NO;
				SWIFT_UPCOMING_FEATURE_MEMBER_IMPORT_VISIBILITY = YES;
				SWIFT_VERSION = 5.0;
				TARGETED_DEVICE_FAMILY = "1,2";
				TEST_HOST = "$(BUILT_PRODUCTS_DIR)/LanguageLearner.app/$(BUNDLE_EXECUTABLE_FOLDER_PATH)/LanguageLearner";
			};
			name = Release;
		};
		72E1DAE22FC8936F00747F0F /* Debug */ = {
			isa = XCBuildConfiguration;
			buildSettings = {
				CODE_SIGN_STYLE = Automatic;
				CURRENT_PROJECT_VERSION = 1;
				GENERATE_INFOPLIST_FILE = YES;
				MARKETING_VERSION = 1.0;
				PRODUCT_BUNDLE_IDENTIFIER = Blabla.LanguageLearnerUITests;
				PRODUCT_NAME = "$(TARGET_NAME)";
				STRING_CATALOG_GENERATE_SYMBOLS = NO;
				SWIFT_APPROACHABLE_CONCURRENCY = YES;
				SWIFT_EMIT_LOC_STRINGS = NO;
				SWIFT_UPCOMING_FEATURE_MEMBER_IMPORT_VISIBILITY = YES;
				SWIFT_VERSION = 5.0;
				TARGETED_DEVICE_FAMILY = "1,2";
				TEST_TARGET_NAME = LanguageLearner;
			};
			name = Debug;
		};
		72E1DAE32FC8936F00747F0F /* Release */ = {
			isa = XCBuildConfiguration;
			buildSettings = {
				CODE_SIGN_STYLE = Automatic;
				CURRENT_PROJECT_VERSION = 1;
				GENERATE_INFOPLIST_FILE = YES;
				MARKETING_VERSION = 1.0;
				PRODUCT_BUNDLE_IDENTIFIER = Blabla.LanguageLearnerUITests;
				PRODUCT_NAME = "$(TARGET_NAME)";
				STRING_CATALOG_GENERATE_SYMBOLS = NO;
				SWIFT_APPROACHABLE_CONCURRENCY = YES;
				SWIFT_EMIT_LOC_STRINGS = NO;
				SWIFT_UPCOMING_FEATURE_MEMBER_IMPORT_VISIBILITY = YES;
				SWIFT_VERSION = 5.0;
				TARGETED_DEVICE_FAMILY = "1,2";
				TEST_TARGET_NAME = LanguageLearner;
			};
			name = Release;
		};
/* End XCBuildConfiguration section */

/* Begin XCConfigurationList section */
		72E1DAB32FC8936D00747F0F /* Build configuration list for PBXProject "LanguageLearner" */ = {
			isa = XCConfigurationList;
			buildConfigurations = (
				72E1DAD92FC8936F00747F0F /* Debug */,
				72E1DADA2FC8936F00747F0F /* Release */,
			);
			defaultConfigurationIsVisible = 0;
			defaultConfigurationName = Release;
		};
		72E1DADB2FC8936F00747F0F /* Build configuration list for PBXNativeTarget "LanguageLearner" */ = {
			isa = XCConfigurationList;
			buildConfigurations = (
				72E1DADC2FC8936F00747F0F /* Debug */,
				72E1DADD2FC8936F00747F0F /* Release */,
			);
			defaultConfigurationIsVisible = 0;
			defaultConfigurationName = Release;
		};
		72E1DADE2FC8936F00747F0F /* Build configuration list for PBXNativeTarget "LanguageLearnerTests" */ = {
			isa = XCConfigurationList;
			buildConfigurations = (
				72E1DADF2FC8936F00747F0F /* Debug */,
				72E1DAE02FC8936F00747F0F /* Release */,
			);
			defaultConfigurationIsVisible = 0;
			defaultConfigurationName = Release;
		};
		72E1DAE12FC8936F00747F0F /* Build configuration list for PBXNativeTarget "LanguageLearnerUITests" */ = {
			isa = XCConfigurationList;
			buildConfigurations = (
				72E1DAE22FC8936F00747F0F /* Debug */,
				72E1DAE32FC8936F00747F0F /* Release */,
			);
			defaultConfigurationIsVisible = 0;
			defaultConfigurationName = Release;
		};
/* End XCConfigurationList section */

/* Begin XCLocalSwiftPackageReference section */
		726E35682FCDCD5D00CBF31B /* XCLocalSwiftPackageReference "Packages/VocabKit" */ = {
			isa = XCLocalSwiftPackageReference;
			relativePath = Packages/VocabKit;
		};
		72E1DAE42FC8A9A900747F0F /* XCLocalSwiftPackageReference "Packages/Alignment" */ = {
			isa = XCLocalSwiftPackageReference;
			relativePath = Packages/Alignment;
		};
		72E1DAE52FC8A9B400747F0F /* XCLocalSwiftPackageReference "Packages/EPUBKit" */ = {
			isa = XCLocalSwiftPackageReference;
			relativePath = Packages/EPUBKit;
		};
		72E1DAE62FC8A9C200747F0F /* XCLocalSwiftPackageReference "Packages/ImportUI" */ = {
			isa = XCLocalSwiftPackageReference;
			relativePath = Packages/ImportUI;
		};
		72E1DAE72FC8A9CF00747F0F /* XCLocalSwiftPackageReference "Packages/LibraryStore" */ = {
			isa = XCLocalSwiftPackageReference;
			relativePath = Packages/LibraryStore;
		};
		72E1DAE82FC8A9D900747F0F /* XCLocalSwiftPackageReference "Packages/ReaderUI" */ = {
			isa = XCLocalSwiftPackageReference;
			relativePath = Packages/ReaderUI;
		};
		72E1DAE92FC8A9E100747F0F /* XCLocalSwiftPackageReference "Packages/TTSService" */ = {
			isa = XCLocalSwiftPackageReference;
			relativePath = Packages/TTSService;
		};
/* End XCLocalSwiftPackageReference section */

/* Begin XCSwiftPackageProductDependency section */
		726E35692FCDCD7500CBF31B /* VocabKit */ = {
			isa = XCSwiftPackageProductDependency;
			package = 726E35682FCDCD5D00CBF31B /* XCLocalSwiftPackageReference "Packages/VocabKit" */;
			productName = VocabKit;
		};
		72E1DAEB2FC8AA1400747F0F /* Alignment */ = {
			isa = XCSwiftPackageProductDependency;
			package = 72E1DAE42FC8A9A900747F0F /* XCLocalSwiftPackageReference "Packages/Alignment" */;
			productName = Alignment;
		};
		72E1DAED2FC8AA1400747F0F /* EPUBKit */ = {
			isa = XCSwiftPackageProductDependency;
			package = 72E1DAE52FC8A9B400747F0F /* XCLocalSwiftPackageReference "Packages/EPUBKit" */;
			productName = EPUBKit;
		};
		72E1DAEF2FC8AA1400747F0F /* ImportUI */ = {
			isa = XCSwiftPackageProductDependency;
			package = 72E1DAE62FC8A9C200747F0F /* XCLocalSwiftPackageReference "Packages/ImportUI" */;
			productName = ImportUI;
		};
		72E1DAF12FC8AA1400747F0F /* LibraryStore */ = {
			isa = XCSwiftPackageProductDependency;
			package = 72E1DAE72FC8A9CF00747F0F /* XCLocalSwiftPackageReference "Packages/LibraryStore" */;
			productName = LibraryStore;
		};
		72E1DAF32FC8AA1400747F0F /* ReaderUI */ = {
			isa = XCSwiftPackageProductDependency;
			package = 72E1DAE82FC8A9D900747F0F /* XCLocalSwiftPackageReference "Packages/ReaderUI" */;
			productName = ReaderUI;
		};
		72E1DAF52FC8AA1400747F0F /* TTSService */ = {
			isa = XCSwiftPackageProductDependency;
			package = 72E1DAE92FC8A9E100747F0F /* XCLocalSwiftPackageReference "Packages/TTSService" */;
			productName = TTSService;
		};
/* End XCSwiftPackageProductDependency section */
	};
	rootObject = 72E1DAB02FC8936D00747F0F /* Project object */;
}
